
Microsoft Visual Studio Solution File, Format Version 12.00
# Visual Studio Version 17
VisualStudioVersion = 17.0.31903.59
MinimumVisualStudioVersion = 10.0.40219.1
Project("{FAE04EC0-301F-11D3-BF4B-00C04F79EFBC}") = "primeiro_projeto_test", "primeiro_projeto_test\primeiro_projeto_test.csproj", "{0597AB6A-AF2B-4E79-824A-834ED5D036C2}"
EndProject
Project("{FAE04EC0-301F-11D3-BF4B-00C04F79EFBC}") = "Calculadora.Tests", "Calculadora.Tests\Calculadora.Tests.csproj", "{53EFFB10-F389-4B9D-AB6B-0E56A5495C2C}"
EndProject
Project("{FAE04EC0-301F-11D3-BF4B-00C04F79EFBC}") = "Calculadora", "Calculadora\Calculadora.csproj", "{A36DD8FA-80B6-4A52-A2C2-531A7D398AA7}"
EndProject
Global
	GlobalSection(SolutionConfigurationPlatforms) = preSolution
		Debug|Any CPU = Debug|Any CPU
		Debug|x64 = Debug|x64
		Debug|x86 = Debug|x86
		Release|Any CPU = Release|Any CPU
		Release|x64 = Release|x64
		Release|x86 = Release|x86
	EndGlobalSection
	GlobalSection(ProjectConfigurationPlatforms) = postSolution
		{0597AB6A-AF2B-4E79-824A-834ED5D036C2}.Debug|Any CPU.ActiveCfg = Debug|Any CPU
		{0597AB6A-AF2B-4E79-824A-834ED5D036C2}.Debug|Any CPU.Build.0 = Debug|Any CPU
		{0597AB6A-AF2B-4E79-824A-834ED5D036C2}.Debug|x64.ActiveCfg = Debug|Any CPU
		{0597AB6A-AF2B-4E79-824A-834ED5D036C2}.Debug|x64.Build.0 = Debug|Any CPU
		{0597AB6A-AF2B-4E79-824A-834ED5D036C2}.Debug|x86.ActiveCfg = Debug|Any CPU
		{0597AB6A-AF2B-4E79-824A-834ED5D036C2}.Debug|x86.Build.0 = Debug|Any CPU
		{0597AB6A-AF2B-4E79-824A-834ED5D036C2}.Release|Any CPU.ActiveCfg = Release|Any CPU
		{0597AB6A-AF2B-4E79-824A-834ED5D036C2}.Release|Any CPU.Build.0 = Release|Any CPU
		{0597AB6A-AF2B-4E79-824A-834ED5D036C2}.Release|x64.ActiveCfg = Release|Any CPU
		{0597AB6A-AF2B-4E79-824A-834ED5D036C2}.Release|x64.Build.0 = Release|Any CPU
		{0597AB6A-AF2B-4E79-824A-834ED5D036C2}.Release|x86.ActiveCfg = Release|Any CPU
		{0597AB6A-AF2B-4E79-824A-834ED5D036C2}.Release|x86.Build.0 = Release|Any CPU
		{53EFFB10-F389-4B9D-AB6B-0E56A5495C2C}.Debug|Any CPU.ActiveCfg = Debug|Any CPU
		{53EFFB10-F389-4B9D-AB6B-0E56A5495C2C}.Debug|Any CPU.Build.0 = Debug|Any CPU
		{53EFFB10-F389-4B9D-AB6B-0E56A5495C2C}.Debug|x64.ActiveCfg = Debug|Any CPU
		{53EFFB10-F389-4B9D-AB6B-0E56A5495C2C}.Debug|x64.Build.0 = Debug|Any CPU
		{53EFFB10-F389-4B9D-AB6B-0E56A5495C2C}.Debug|x86.ActiveCfg = Debug|Any CPU
		{53EFFB10-F389-4B9D-AB6B-0E56A5495C2C}.Debug|x86.Build.0 = Debug|Any CPU
		{53EFFB10-F389-4B9D-AB6B-0E56A5495C2C}.Release|Any CPU.ActiveCfg = Release|Any CPU
		{53EFFB10-F389-4B9D-AB6B-0E56A5495C2C}.Release|Any CPU.Build.0 = Release|Any CPU
		{53EFFB10-F389-4B9D-AB6B-0E56A5495C2C}.Release|x64.ActiveCfg = Release|Any CPU
		{53EFFB10-F389-4B9D-AB6B-0E56A5495C2C}.Release|x64.Build.0 = Release|Any CPU
		{53EFFB10-F389-4B9D-AB6B-0E56A5495C2C}.Release|x86.ActiveCfg = Release|Any CPU
		{53EFFB10-F389-4B9D-AB6B-0E56A5495C2C}.Release|x86.Build.0 = Release|Any CPU
		{A36DD8FA-80B6-4A52-A2C2-531A7D398AA7}.Debug|Any CPU.ActiveCfg = Debug|Any CPU
		{A36DD8FA-80B6-4A52-A2C2-531A7D398AA7}.Debug|Any CPU.Build.0 = Debug|Any CPU
		{A36DD8FA-80B6-4A52-A2C2-531A7D398AA7}.Debug|x64.ActiveCfg = Debug|Any CPU
		{A36DD8FA-80B6-4A52-A2C2-531A7D398AA7}.Debug|x64.Build.0 = Debug|Any CPU
		{A36DD8FA-80B6-4A52-A2C2-531A7D398AA7}.Debug|x86.ActiveCfg = Debug|Any CPU
		{A36DD8FA-80B6-4A52-A2C2-531A7D398AA7}.Debug|x86.Build.0 = Debug|Any CPU
		{A36DD8FA-80B6-4A52-A2C2-531A7D398AA7}.Release|Any CPU.ActiveCfg = Release|Any CPU
		{A36DD8FA-80B6-4A52-A2C2-531A7D398AA7}.Release|Any CPU.Build.0 = Release|Any CPU
		{A36DD8FA-80B6-4A52-A2C2-531A7D398AA7}.Release|x64.ActiveCfg = Release|Any CPU
		{A36DD8FA-80B6-4A52-A2C2-531A7D398AA7}.Release|x64.Build.0 = Release|Any CPU
		{A36DD8FA-80B6-4A52-A2C2-531A7D398AA7}.Release|x86.ActiveCfg = Release|Any CPU
		{A36DD8FA-80B6-4A52-A2C2-531A7D398AA7}.Release|x86.Build.0 = Release|Any CPU
	EndGlobalSection
	GlobalSection(SolutionProperties) = preSolution
		HideSolutionNode = FALSE
	EndGlobalSection
EndGlobal
